
Microsoft Visual Studio Solution File, Format Version 12.00
# Visual Studio 2012
Project("{FAE04EC0-301F-11D3-BF4B-00C04F79EFBC}") = "James.Testing", "James.Testing\James.Testing.csproj", "{FB9E3DBB-0F82-41F5-82F8-39215D8756F7}"
EndProject
Project("{FAE04EC0-301F-11D3-BF4B-00C04F79EFBC}") = "James.Testing.UnitTests", "James.Testing.UnitTests\James.Testing.UnitTests.csproj", "{18917A4C-3D98-4312-BE82-3C5F851EAAC2}"
EndProject
Global
	GlobalSection(SolutionConfigurationPlatforms) = preSolution
		Debug|Any CPU = Debug|Any CPU
		Release|Any CPU = Release|Any CPU
	EndGlobalSection
	GlobalSection(ProjectConfigurationPlatforms) = postSolution
		{FB9E3DBB-0F82-41F5-82F8-39215D8756F7}.Debug|Any CPU.ActiveCfg = Debug|Any CPU
		{FB9E3DBB-0F82-41F5-82F8-39215D8756F7}.Debug|Any CPU.Build.0 = Debug|Any CPU
		{FB9E3DBB-0F82-41F5-82F8-39215D8756F7}.Release|Any CPU.ActiveCfg = Release|Any CPU
		{FB9E3DBB-0F82-41F5-82F8-39215D8756F7}.Release|Any CPU.Build.0 = Release|Any CPU
		{18917A4C-3D98-4312-BE82-3C5F851EAAC2}.Debug|Any CPU.ActiveCfg = Debug|Any CPU
		{18917A4C-3D98-4312-BE82-3C5F851EAAC2}.Debug|Any CPU.Build.0 = Debug|Any CPU
		{18917A4C-3D98-4312-BE82-3C5F851EAAC2}.Release|Any CPU.ActiveCfg = Release|Any CPU
		{18917A4C-3D98-4312-BE82-3C5F851EAAC2}.Release|Any CPU.Build.0 = Release|Any CPU
	EndGlobalSection
	GlobalSection(SolutionProperties) = preSolution
		HideSolutionNode = FALSE
	EndGlobalSection
EndGlobal
